%{
  "earmark_parser": {:hex, :earmark_parser, "1.4.10", "6603d7a603b9c18d3d20db69921527f82ef09990885ed7525003c7fe7dc86c56", [:mix], [], "hexpm", "8e2d5370b732385db2c9b22215c3f59c84ac7dda7ed7e544d7c459496ae519c0"},
  "elixir_make": {:hex, :elixir_make, "0.6.1", "8faa29a5597faba999aeeb72bbb9c91694ef8068f0131192fb199f98d32994ef", [:mix], [], "hexpm", "35d33270680f8d839a4003c3e9f43afb595310a592405a00afc12de4c7f55a18"},
  "ex_doc": {:hex, :ex_doc, "0.22.6", "0fb1e09a3e8b69af0ae94c8b4e4df36995d8c88d5ec7dbd35617929144b62c00", [:mix], [{:earmark_parser, "~> 1.4.0", [hex: :earmark_parser, repo: "hexpm", optional: false]}, {:makeup_elixir, "~> 0.14", [hex: :makeup_elixir, repo: "hexpm", optional: false]}], "hexpm", "1e0aceda15faf71f1b0983165e6e7313be628a460e22a031e32913b98edbd638"},
  "font_metrics": {:hex, :font_metrics, "0.3.1", "025ff9957040eb4d6430c306a4445bad5d9f43ec24448c1647df7cb63b5dd88c", [:mix], [{:msgpax, "~> 2.2", [hex: :msgpax, repo: "hexpm", optional: false]}], "hexpm", "6dff6525d49d84173ce20b4cba2457b2289e83bcc2be19c2aa761dbe9f631033"},
  "makeup": {:hex, :makeup, "1.0.5", "d5a830bc42c9800ce07dd97fa94669dfb93d3bf5fcf6ea7a0c67b2e0e4a7f26c", [:mix], [{:nimble_parsec, "~> 0.5 or ~> 1.0", [hex: :nimble_parsec, repo: "hexpm", optional: false]}], "hexpm", "cfa158c02d3f5c0c665d0af11512fed3fba0144cf1aadee0f2ce17747fba2ca9"},
  "makeup_elixir": {:hex, :makeup_elixir, "0.15.0", "98312c9f0d3730fde4049985a1105da5155bfe5c11e47bdc7406d88e01e4219b", [:mix], [{:makeup, "~> 1.0", [hex: :makeup, repo: "hexpm", optional: false]}, {:nimble_parsec, "~> 1.1", [hex: :nimble_parsec, repo: "hexpm", optional: false]}], "hexpm", "75ffa34ab1056b7e24844c90bfc62aaf6f3a37a15faa76b07bc5eba27e4a8b4a"},
  "msgpax": {:hex, :msgpax, "2.2.4", "7b3790ef684089076b63c0f08c2f4b079c6311daeb006b69e4ed2bf67518291e", [:mix], [{:plug, "~> 1.0", [hex: :plug, repo: "hexpm", optional: true]}], "hexpm", "b351b6d992d79624a8430a99d21a41b36b1b90edf84326a294e9f4a2de11f089"},
  "nimble_parsec": {:hex, :nimble_parsec, "1.1.0", "3a6fca1550363552e54c216debb6a9e95bd8d32348938e13de5eda962c0d7f89", [:mix], [], "hexpm", "08eb32d66b706e913ff748f11694b17981c0b04a33ef470e33e11b3d3ac8f54b"},
  "scenic": {:hex, :scenic, "0.10.3", "34fc31702b70a56b8c62ab1717b1fe74bb3af97bc52a952e41bd1d092b01f05e", [:make, :mix], [{:elixir_make, "~> 0.6", [hex: :elixir_make, repo: "hexpm", optional: false]}, {:font_metrics, "~> 0.3", [hex: :font_metrics, repo: "hexpm", optional: false]}], "hexpm", "4db14fd1d34e9be2d5325c4fcfca6123af9c8976fb66ceb828d4ee5aaccec9be"},
  "scenic_driver_glfw": {:hex, :scenic_driver_glfw, "0.10.1", "df7a11bc1d23415dd48c7796a70a6ad98b9cf77554078d79115d6c6e58b87eda", [:make, :mix], [{:elixir_make, "~> 0.6", [hex: :elixir_make, repo: "hexpm", optional: false]}, {:scenic, "~> 0.10", [hex: :scenic, repo: "hexpm", optional: false]}], "hexpm", "d2f2ef0a1d099a6e1904616c0a95ff0fc554342cf7936e6bb73c2d7027e7557e"},
}
